
Microsoft Visual Studio Solution File, Format Version 12.00
# Visual Studio Version 16
VisualStudioVersion = 16.0.30002.166
MinimumVisualStudioVersion = 10.0.40219.1
Project("{FAE04EC0-301F-11D3-BF4B-00C04F79EFBC}") = "PhotoApp.Android", "PhotoApp\PhotoApp.Android\PhotoApp.Android.csproj", "{DEFFFC37-8ACE-404C-9FFC-8E3875DB5F27}"
EndProject
Project("{FAE04EC0-301F-11D3-BF4B-00C04F79EFBC}") = "PhotoApp", "PhotoApp\PhotoApp\PhotoApp.csproj", "{AB9A3EC7-8293-4D0C-9B4F-E14A824779F6}"
EndProject
Global
	GlobalSection(SolutionConfigurationPlatforms) = preSolution
		Debug|Any CPU = Debug|Any CPU
		Release|Any CPU = Release|Any CPU
	EndGlobalSection
	GlobalSection(ProjectConfigurationPlatforms) = postSolution
		{DEFFFC37-8ACE-404C-9FFC-8E3875DB5F27}.Debug|Any CPU.ActiveCfg = Debug|Any CPU
		{DEFFFC37-8ACE-404C-9FFC-8E3875DB5F27}.Debug|Any CPU.Build.0 = Debug|Any CPU
		{DEFFFC37-8ACE-404C-9FFC-8E3875DB5F27}.Debug|Any CPU.Deploy.0 = Debug|Any CPU
		{DEFFFC37-8ACE-404C-9FFC-8E3875DB5F27}.Release|Any CPU.ActiveCfg = Release|Any CPU
		{DEFFFC37-8ACE-404C-9FFC-8E3875DB5F27}.Release|Any CPU.Build.0 = Release|Any CPU
		{DEFFFC37-8ACE-404C-9FFC-8E3875DB5F27}.Release|Any CPU.Deploy.0 = Release|Any CPU
		{AB9A3EC7-8293-4D0C-9B4F-E14A824779F6}.Debug|Any CPU.ActiveCfg = Debug|Any CPU
		{AB9A3EC7-8293-4D0C-9B4F-E14A824779F6}.Debug|Any CPU.Build.0 = Debug|Any CPU
		{AB9A3EC7-8293-4D0C-9B4F-E14A824779F6}.Debug|Any CPU.Deploy.0 = Debug|Any CPU
		{AB9A3EC7-8293-4D0C-9B4F-E14A824779F6}.Release|Any CPU.ActiveCfg = Release|Any CPU
		{AB9A3EC7-8293-4D0C-9B4F-E14A824779F6}.Release|Any CPU.Build.0 = Release|Any CPU
		{AB9A3EC7-8293-4D0C-9B4F-E14A824779F6}.Release|Any CPU.Deploy.0 = Release|Any CPU
	EndGlobalSection
	GlobalSection(SolutionProperties) = preSolution
		HideSolutionNode = FALSE
	EndGlobalSection
	GlobalSection(ExtensibilityGlobals) = postSolution
		SolutionGuid = {7AB6025E-894B-43B2-A625-85FEC7B14113}
	EndGlobalSection
EndGlobal
